{
  "name": "scratchplayer",
  "version": "1.0.0",
  "lockfileVersion": 1,
  "requires": true,
  "dependencies": {
    "pizzicato": {
      "version": "0.6.2",
      "resolved": "https://registry.npmjs.org/pizzicato/-/pizzicato-0.6.2.tgz",
      "integrity": "sha1-7my8OLiWugg4jYXxECAt569V4TY="
    }
  }
}
